// !$*UTF8*$!
{
	archiveVersion = 1;
	classes = {
	};
	objectVersion = 51;
	objects = {

/* Begin PBXBuildFile section */
		39B09B685F652E8DE351C003 /* Pods_GoGoal.framework in Frameworks */ = {isa = PBXBuildFile; fileRef = E984E783F86CBF2A328AC6CD /* Pods_GoGoal.framework */; };
		5751AD22271E46A5009D94A5 /* Topic.swift in Sources */ = {isa = PBXBuildFile; fileRef = 5751AD21271E46A5009D94A5 /* Topic.swift */; };
		5751AD24271E4703009D94A5 /* Goal.swift in Sources */ = {isa = PBXBuildFile; fileRef = 5751AD23271E4703009D94A5 /* Goal.swift */; };
		5751AD26271E47C6009D94A5 /* Post.swift in Sources */ = {isa = PBXBuildFile; fileRef = 5751AD25271E47C6009D94A5 /* Post.swift */; };
		5751AD28271E4896009D94A5 /* Like.swift in Sources */ = {isa = PBXBuildFile; fileRef = 5751AD27271E4896009D94A5 /* Like.swift */; };
		5751AD2A271E4B9A009D94A5 /* TopicService.swift in Sources */ = {isa = PBXBuildFile; fileRef = 5751AD29271E4B9A009D94A5 /* TopicService.swift */; };
		5751AD2C271E4BB8009D94A5 /* GoalService.swift in Sources */ = {isa = PBXBuildFile; fileRef = 5751AD2B271E4BB8009D94A5 /* GoalService.swift */; };
		5751AD2E271E4BEB009D94A5 /* PostService.swift in Sources */ = {isa = PBXBuildFile; fileRef = 5751AD2D271E4BEB009D94A5 /* PostService.swift */; };
		5751AD30271E4C07009D94A5 /* LikeService.swift in Sources */ = {isa = PBXBuildFile; fileRef = 5751AD2F271E4C07009D94A5 /* LikeService.swift */; };
		5773B50B271CC0360029A220 /* AppDelegate.swift in Sources */ = {isa = PBXBuildFile; fileRef = 5773B50A271CC0360029A220 /* AppDelegate.swift */; };
		5773B50D271CC0360029A220 /* SceneDelegate.swift in Sources */ = {isa = PBXBuildFile; fileRef = 5773B50C271CC0360029A220 /* SceneDelegate.swift */; };
		5773B50F271CC0360029A220 /* MainView.swift in Sources */ = {isa = PBXBuildFile; fileRef = 5773B50E271CC0360029A220 /* MainView.swift */; };
		5773B511271CC0370029A220 /* Assets.xcassets in Resources */ = {isa = PBXBuildFile; fileRef = 5773B510271CC0370029A220 /* Assets.xcassets */; };
		5773B514271CC0370029A220 /* Preview Assets.xcassets in Resources */ = {isa = PBXBuildFile; fileRef = 5773B513271CC0370029A220 /* Preview Assets.xcassets */; };
		5773B517271CC0370029A220 /* LaunchScreen.storyboard in Resources */ = {isa = PBXBuildFile; fileRef = 5773B515271CC0370029A220 /* LaunchScreen.storyboard */; };
		5773B51F271D01FA0029A220 /* GoogleService-Info.plist in Resources */ = {isa = PBXBuildFile; fileRef = 5773B51E271D01FA0029A220 /* GoogleService-Info.plist */; };
		5773B525271D0AAB0029A220 /* User.swift in Sources */ = {isa = PBXBuildFile; fileRef = 5773B524271D0AAB0029A220 /* User.swift */; };
		5773B529271D132D0029A220 /* UserService.swift in Sources */ = {isa = PBXBuildFile; fileRef = 5773B528271D132D0029A220 /* UserService.swift */; };
		5773B52D271D13D00029A220 /* CollectionEnum.swift in Sources */ = {isa = PBXBuildFile; fileRef = 5773B52C271D13D00029A220 /* CollectionEnum.swift */; };
		5773B530271D1B990029A220 /* FirestoreDecoder.swift in Sources */ = {isa = PBXBuildFile; fileRef = 5773B52F271D1B990029A220 /* FirestoreDecoder.swift */; };
		5773B532271D22DD0029A220 /* BaseRepository.swift in Sources */ = {isa = PBXBuildFile; fileRef = 5773B531271D22DD0029A220 /* BaseRepository.swift */; };
		5773B534271DF2C50029A220 /* QueryHelper.swift in Sources */ = {isa = PBXBuildFile; fileRef = 5773B533271DF2C50029A220 /* QueryHelper.swift */; };
		5773B537271DF9BE0029A220 /* GenSampleData.swift in Sources */ = {isa = PBXBuildFile; fileRef = 5773B536271DF9BE0029A220 /* GenSampleData.swift */; };
		57C52C8A2725E93500E0493B /* GoalListView.swift in Sources */ = {isa = PBXBuildFile; fileRef = 57C52C892725E93500E0493B /* GoalListView.swift */; };
		57C52C8C2725E94C00E0493B /* CommunityView.swift in Sources */ = {isa = PBXBuildFile; fileRef = 57C52C8B2725E94C00E0493B /* CommunityView.swift */; };
		57C52C8E2725E95E00E0493B /* ProfileView.swift in Sources */ = {isa = PBXBuildFile; fileRef = 57C52C8D2725E95E00E0493B /* ProfileView.swift */; };
		57C52C912725EE0000E0493B /* ViewModel.swift in Sources */ = {isa = PBXBuildFile; fileRef = 57C52C902725EE0000E0493B /* ViewModel.swift */; };
/* End PBXBuildFile section */

/* Begin PBXFileReference section */
		0EA69621C149F45D0491840F /* Pods-GoGoal.release.xcconfig */ = {isa = PBXFileReference; includeInIndex = 1; lastKnownFileType = text.xcconfig; name = "Pods-GoGoal.release.xcconfig"; path = "Target Support Files/Pods-GoGoal/Pods-GoGoal.release.xcconfig"; sourceTree = "<group>"; };
		5751AD21271E46A5009D94A5 /* Topic.swift */ = {isa = PBXFileReference; lastKnownFileType = sourcecode.swift; path = Topic.swift; sourceTree = "<group>"; };
		5751AD23271E4703009D94A5 /* Goal.swift */ = {isa = PBXFileReference; lastKnownFileType = sourcecode.swift; path = Goal.swift; sourceTree = "<group>"; };
		5751AD25271E47C6009D94A5 /* Post.swift */ = {isa = PBXFileReference; lastKnownFileType = sourcecode.swift; path = Post.swift; sourceTree = "<group>"; };
		5751AD27271E4896009D94A5 /* Like.swift */ = {isa = PBXFileReference; lastKnownFileType = sourcecode.swift; path = Like.swift; sourceTree = "<group>"; };
		5751AD29271E4B9A009D94A5 /* TopicService.swift */ = {isa = PBXFileReference; lastKnownFileType = sourcecode.swift; path = TopicService.swift; sourceTree = "<group>"; };
		5751AD2B271E4BB8009D94A5 /* GoalService.swift */ = {isa = PBXFileReference; lastKnownFileType = sourcecode.swift; path = GoalService.swift; sourceTree = "<group>"; };
		5751AD2D271E4BEB009D94A5 /* PostService.swift */ = {isa = PBXFileReference; lastKnownFileType = sourcecode.swift; path = PostService.swift; sourceTree = "<group>"; };
		5751AD2F271E4C07009D94A5 /* LikeService.swift */ = {isa = PBXFileReference; lastKnownFileType = sourcecode.swift; path = LikeService.swift; sourceTree = "<group>"; };
		5773B507271CC0360029A220 /* GoGoal.app */ = {isa = PBXFileReference; explicitFileType = wrapper.application; includeInIndex = 0; path = GoGoal.app; sourceTree = BUILT_PRODUCTS_DIR; };
		5773B50A271CC0360029A220 /* AppDelegate.swift */ = {isa = PBXFileReference; lastKnownFileType = sourcecode.swift; path = AppDelegate.swift; sourceTree = "<group>"; };
		5773B50C271CC0360029A220 /* SceneDelegate.swift */ = {isa = PBXFileReference; lastKnownFileType = sourcecode.swift; path = SceneDelegate.swift; sourceTree = "<group>"; };
		5773B50E271CC0360029A220 /* MainView.swift */ = {isa = PBXFileReference; lastKnownFileType = sourcecode.swift; path = MainView.swift; sourceTree = "<group>"; };
		5773B510271CC0370029A220 /* Assets.xcassets */ = {isa = PBXFileReference; lastKnownFileType = folder.assetcatalog; path = Assets.xcassets; sourceTree = "<group>"; };
		5773B513271CC0370029A220 /* Preview Assets.xcassets */ = {isa = PBXFileReference; lastKnownFileType = folder.assetcatalog; path = "Preview Assets.xcassets"; sourceTree = "<group>"; };
		5773B516271CC0370029A220 /* Base */ = {isa = PBXFileReference; lastKnownFileType = file.storyboard; name = Base; path = Base.lproj/LaunchScreen.storyboard; sourceTree = "<group>"; };
		5773B518271CC0370029A220 /* Info.plist */ = {isa = PBXFileReference; lastKnownFileType = text.plist.xml; path = Info.plist; sourceTree = "<group>"; };
		5773B51E271D01FA0029A220 /* GoogleService-Info.plist */ = {isa = PBXFileReference; fileEncoding = 4; lastKnownFileType = text.plist.xml; path = "GoogleService-Info.plist"; sourceTree = "<group>"; };
		5773B524271D0AAB0029A220 /* User.swift */ = {isa = PBXFileReference; lastKnownFileType = sourcecode.swift; path = User.swift; sourceTree = "<group>"; };
		5773B528271D132D0029A220 /* UserService.swift */ = {isa = PBXFileReference; lastKnownFileType = sourcecode.swift; path = UserService.swift; sourceTree = "<group>"; };
		5773B52C271D13D00029A220 /* CollectionEnum.swift */ = {isa = PBXFileReference; lastKnownFileType = sourcecode.swift; path = CollectionEnum.swift; sourceTree = "<group>"; };
		5773B52F271D1B990029A220 /* FirestoreDecoder.swift */ = {isa = PBXFileReference; lastKnownFileType = sourcecode.swift; path = FirestoreDecoder.swift; sourceTree = "<group>"; };
		5773B531271D22DD0029A220 /* BaseRepository.swift */ = {isa = PBXFileReference; lastKnownFileType = sourcecode.swift; path = BaseRepository.swift; sourceTree = "<group>"; };
		5773B533271DF2C50029A220 /* QueryHelper.swift */ = {isa = PBXFileReference; lastKnownFileType = sourcecode.swift; path = QueryHelper.swift; sourceTree = "<group>"; };
		5773B536271DF9BE0029A220 /* GenSampleData.swift */ = {isa = PBXFileReference; lastKnownFileType = sourcecode.swift; path = GenSampleData.swift; sourceTree = "<group>"; };
		57C52C892725E93500E0493B /* GoalListView.swift */ = {isa = PBXFileReference; lastKnownFileType = sourcecode.swift; path = GoalListView.swift; sourceTree = "<group>"; };
		57C52C8B2725E94C00E0493B /* CommunityView.swift */ = {isa = PBXFileReference; lastKnownFileType = sourcecode.swift; path = CommunityView.swift; sourceTree = "<group>"; };
		57C52C8D2725E95E00E0493B /* ProfileView.swift */ = {isa = PBXFileReference; lastKnownFileType = sourcecode.swift; path = ProfileView.swift; sourceTree = "<group>"; };
		57C52C902725EE0000E0493B /* ViewModel.swift */ = {isa = PBXFileReference; lastKnownFileType = sourcecode.swift; path = ViewModel.swift; sourceTree = "<group>"; };
		E984E783F86CBF2A328AC6CD /* Pods_GoGoal.framework */ = {isa = PBXFileReference; explicitFileType = wrapper.framework; includeInIndex = 0; path = Pods_GoGoal.framework; sourceTree = BUILT_PRODUCTS_DIR; };
		F3797C70DBDFB3D9A8D814F6 /* Pods-GoGoal.debug.xcconfig */ = {isa = PBXFileReference; includeInIndex = 1; lastKnownFileType = text.xcconfig; name = "Pods-GoGoal.debug.xcconfig"; path = "Target Support Files/Pods-GoGoal/Pods-GoGoal.debug.xcconfig"; sourceTree = "<group>"; };
/* End PBXFileReference section */

/* Begin PBXFrameworksBuildPhase section */
		5773B504271CC0360029A220 /* Frameworks */ = {
			isa = PBXFrameworksBuildPhase;
			buildActionMask = 2147483647;
			files = (
				39B09B685F652E8DE351C003 /* Pods_GoGoal.framework in Frameworks */,
			);
			runOnlyForDeploymentPostprocessing = 0;
		};
/* End PBXFrameworksBuildPhase section */

/* Begin PBXGroup section */
		159F90CB266B5A6C0C05BE5F /* Frameworks */ = {
			isa = PBXGroup;
			children = (
				E984E783F86CBF2A328AC6CD /* Pods_GoGoal.framework */,
			);
			name = Frameworks;
			sourceTree = "<group>";
		};
		49280052E753AFF43E54CF4A /* Pods */ = {
			isa = PBXGroup;
			children = (
				F3797C70DBDFB3D9A8D814F6 /* Pods-GoGoal.debug.xcconfig */,
				0EA69621C149F45D0491840F /* Pods-GoGoal.release.xcconfig */,
			);
			path = Pods;
			sourceTree = "<group>";
		};
		5773B4FE271CC0360029A220 = {
			isa = PBXGroup;
			children = (
				5773B509271CC0360029A220 /* GoGoal */,
				159F90CB266B5A6C0C05BE5F /* Frameworks */,
				5773B508271CC0360029A220 /* Products */,
				49280052E753AFF43E54CF4A /* Pods */,
			);
			sourceTree = "<group>";
		};
		5773B508271CC0360029A220 /* Products */ = {
			isa = PBXGroup;
			children = (
				5773B507271CC0360029A220 /* GoGoal.app */,
			);
			name = Products;
			sourceTree = "<group>";
		};
		5773B509271CC0360029A220 /* GoGoal */ = {
			isa = PBXGroup;
			children = (
				5773B521271D06BC0029A220 /* Delegates */,
				5773B522271D06D30029A220 /* Views */,
				57C52C8F2725ED6600E0493B /* ViewModels */,
				5773B527271D0DE00029A220 /* Services */,
				5773B52E271D198B0029A220 /* Repositories */,
				5773B520271D05F10029A220 /* Models */,
				5773B535271DF9A30029A220 /* Utilities */,
				5773B510271CC0370029A220 /* Assets.xcassets */,
				5773B515271CC0370029A220 /* LaunchScreen.storyboard */,
				5773B51E271D01FA0029A220 /* GoogleService-Info.plist */,
				5773B518271CC0370029A220 /* Info.plist */,
				5773B512271CC0370029A220 /* Preview Content */,
			);
			path = GoGoal;
			sourceTree = "<group>";
		};
		5773B512271CC0370029A220 /* Preview Content */ = {
			isa = PBXGroup;
			children = (
				5773B513271CC0370029A220 /* Preview Assets.xcassets */,
			);
			path = "Preview Content";
			sourceTree = "<group>";
		};
		5773B520271D05F10029A220 /* Models */ = {
			isa = PBXGroup;
			children = (
				5773B524271D0AAB0029A220 /* User.swift */,
				5751AD21271E46A5009D94A5 /* Topic.swift */,
				5751AD23271E4703009D94A5 /* Goal.swift */,
				5751AD25271E47C6009D94A5 /* Post.swift */,
				5751AD27271E4896009D94A5 /* Like.swift */,
			);
			path = Models;
			sourceTree = "<group>";
		};
		5773B521271D06BC0029A220 /* Delegates */ = {
			isa = PBXGroup;
			children = (
				5773B50A271CC0360029A220 /* AppDelegate.swift */,
				5773B50C271CC0360029A220 /* SceneDelegate.swift */,
			);
			path = Delegates;
			sourceTree = "<group>";
		};
		5773B522271D06D30029A220 /* Views */ = {
			isa = PBXGroup;
			children = (
				5773B50E271CC0360029A220 /* MainView.swift */,
				57C52C892725E93500E0493B /* GoalListView.swift */,
				57C52C8B2725E94C00E0493B /* CommunityView.swift */,
				57C52C8D2725E95E00E0493B /* ProfileView.swift */,
			);
			path = Views;
			sourceTree = "<group>";
		};
		5773B527271D0DE00029A220 /* Services */ = {
			isa = PBXGroup;
			children = (
				5773B528271D132D0029A220 /* UserService.swift */,
				5751AD29271E4B9A009D94A5 /* TopicService.swift */,
				5751AD2B271E4BB8009D94A5 /* GoalService.swift */,
				5751AD2D271E4BEB009D94A5 /* PostService.swift */,
				5751AD2F271E4C07009D94A5 /* LikeService.swift */,
			);
			path = Services;
			sourceTree = "<group>";
		};
		5773B52E271D198B0029A220 /* Repositories */ = {
			isa = PBXGroup;
			children = (
				5773B52C271D13D00029A220 /* CollectionEnum.swift */,
				5773B52F271D1B990029A220 /* FirestoreDecoder.swift */,
				5773B531271D22DD0029A220 /* BaseRepository.swift */,
				5773B533271DF2C50029A220 /* QueryHelper.swift */,
			);
			path = Repositories;
			sourceTree = "<group>";
		};
		5773B535271DF9A30029A220 /* Utilities */ = {
			isa = PBXGroup;
			children = (
				5773B536271DF9BE0029A220 /* GenSampleData.swift */,
			);
			path = Utilities;
			sourceTree = "<group>";
		};
		57C52C8F2725ED6600E0493B /* ViewModels */ = {
			isa = PBXGroup;
			children = (
				57C52C902725EE0000E0493B /* ViewModel.swift */,
			);
			path = ViewModels;
			sourceTree = "<group>";
		};
/* End PBXGroup section */

/* Begin PBXNativeTarget section */
		5773B506271CC0360029A220 /* GoGoal */ = {
			isa = PBXNativeTarget;
			buildConfigurationList = 5773B51B271CC0370029A220 /* Build configuration list for PBXNativeTarget "GoGoal" */;
			buildPhases = (
				B28A6D1C5258B49E6BE969FD /* [CP] Check Pods Manifest.lock */,
				5773B503271CC0360029A220 /* Sources */,
				5773B504271CC0360029A220 /* Frameworks */,
				5773B505271CC0360029A220 /* Resources */,
				A3B1376C846E371484C4BC56 /* [CP] Embed Pods Frameworks */,
			);
			buildRules = (
			);
			dependencies = (
			);
			name = GoGoal;
			productName = GoGoal;
			productReference = 5773B507271CC0360029A220 /* GoGoal.app */;
			productType = "com.apple.product-type.application";
		};
/* End PBXNativeTarget section */

/* Begin PBXProject section */
		5773B4FF271CC0360029A220 /* Project object */ = {
			isa = PBXProject;
			attributes = {
				LastSwiftUpdateCheck = 1250;
				LastUpgradeCheck = 1250;
				TargetAttributes = {
					5773B506271CC0360029A220 = {
						CreatedOnToolsVersion = 12.5.1;
					};
				};
			};
			buildConfigurationList = 5773B502271CC0360029A220 /* Build configuration list for PBXProject "GoGoal" */;
			compatibilityVersion = "Xcode 9.3";
			developmentRegion = en;
			hasScannedForEncodings = 0;
			knownRegions = (
				en,
				Base,
			);
			mainGroup = 5773B4FE271CC0360029A220;
			productRefGroup = 5773B508271CC0360029A220 /* Products */;
			projectDirPath = "";
			projectRoot = "";
			targets = (
				5773B506271CC0360029A220 /* GoGoal */,
			);
		};
/* End PBXProject section */

/* Begin PBXResourcesBuildPhase section */
		5773B505271CC0360029A220 /* Resources */ = {
			isa = PBXResourcesBuildPhase;
			buildActionMask = 2147483647;
			files = (
				5773B517271CC0370029A220 /* LaunchScreen.storyboard in Resources */,
				5773B51F271D01FA0029A220 /* GoogleService-Info.plist in Resources */,
				5773B514271CC0370029A220 /* Preview Assets.xcassets in Resources */,
				5773B511271CC0370029A220 /* Assets.xcassets in Resources */,
			);
			runOnlyForDeploymentPostprocessing = 0;
		};
/* End PBXResourcesBuildPhase section */

/* Begin PBXShellScriptBuildPhase section */
		A3B1376C846E371484C4BC56 /* [CP] Embed Pods Frameworks */ = {
			isa = PBXShellScriptBuildPhase;
			buildActionMask = 2147483647;
			files = (
			);
			inputFileListPaths = (
				"${PODS_ROOT}/Target Support Files/Pods-GoGoal/Pods-GoGoal-frameworks-${CONFIGURATION}-input-files.xcfilelist",
			);
			name = "[CP] Embed Pods Frameworks";
			outputFileListPaths = (
				"${PODS_ROOT}/Target Support Files/Pods-GoGoal/Pods-GoGoal-frameworks-${CONFIGURATION}-output-files.xcfilelist",
			);
			runOnlyForDeploymentPostprocessing = 0;
			shellPath = /bin/sh;
			shellScript = "\"${PODS_ROOT}/Target Support Files/Pods-GoGoal/Pods-GoGoal-frameworks.sh\"\n";
			showEnvVarsInLog = 0;
		};
		B28A6D1C5258B49E6BE969FD /* [CP] Check Pods Manifest.lock */ = {
			isa = PBXShellScriptBuildPhase;
			buildActionMask = 2147483647;
			files = (
			);
			inputFileListPaths = (
			);
			inputPaths = (
				"${PODS_PODFILE_DIR_PATH}/Podfile.lock",
				"${PODS_ROOT}/Manifest.lock",
			);
			name = "[CP] Check Pods Manifest.lock";
			outputFileListPaths = (
			);
			outputPaths = (
				"$(DERIVED_FILE_DIR)/Pods-GoGoal-checkManifestLockResult.txt",
			);
			runOnlyForDeploymentPostprocessing = 0;
			shellPath = /bin/sh;
			shellScript = "diff \"${PODS_PODFILE_DIR_PATH}/Podfile.lock\" \"${PODS_ROOT}/Manifest.lock\" > /dev/null\nif [ $? != 0 ] ; then\n    # print error to STDERR\n    echo \"error: The sandbox is not in sync with the Podfile.lock. Run 'pod install' or update your CocoaPods installation.\" >&2\n    exit 1\nfi\n# This output is used by Xcode 'outputs' to avoid re-running this script phase.\necho \"SUCCESS\" > \"${SCRIPT_OUTPUT_FILE_0}\"\n";
			showEnvVarsInLog = 0;
		};
/* End PBXShellScriptBuildPhase section */

/* Begin PBXSourcesBuildPhase section */
		5773B503271CC0360029A220 /* Sources */ = {
			isa = PBXSourcesBuildPhase;
			buildActionMask = 2147483647;
			files = (
				5751AD2C271E4BB8009D94A5 /* GoalService.swift in Sources */,
				57C52C912725EE0000E0493B /* ViewModel.swift in Sources */,
				5773B525271D0AAB0029A220 /* User.swift in Sources */,
				5773B532271D22DD0029A220 /* BaseRepository.swift in Sources */,
				5751AD22271E46A5009D94A5 /* Topic.swift in Sources */,
				5751AD30271E4C07009D94A5 /* LikeService.swift in Sources */,
				5773B529271D132D0029A220 /* UserService.swift in Sources */,
				5751AD26271E47C6009D94A5 /* Post.swift in Sources */,
				5751AD24271E4703009D94A5 /* Goal.swift in Sources */,
				5773B537271DF9BE0029A220 /* GenSampleData.swift in Sources */,
				5751AD2E271E4BEB009D94A5 /* PostService.swift in Sources */,
				5773B50B271CC0360029A220 /* AppDelegate.swift in Sources */,
				5751AD28271E4896009D94A5 /* Like.swift in Sources */,
				5773B534271DF2C50029A220 /* QueryHelper.swift in Sources */,
				5773B530271D1B990029A220 /* FirestoreDecoder.swift in Sources */,
				5773B52D271D13D00029A220 /* CollectionEnum.swift in Sources */,
				5751AD2A271E4B9A009D94A5 /* TopicService.swift in Sources */,
				5773B50D271CC0360029A220 /* SceneDelegate.swift in Sources */,
				5773B50F271CC0360029A220 /* MainView.swift in Sources */,
				57C52C8C2725E94C00E0493B /* CommunityView.swift in Sources */,
				57C52C8E2725E95E00E0493B /* ProfileView.swift in Sources */,
				57C52C8A2725E93500E0493B /* GoalListView.swift in Sources */,
			);
			runOnlyForDeploymentPostprocessing = 0;
		};
/* End PBXSourcesBuildPhase section */

/* Begin PBXVariantGroup section */
		5773B515271CC0370029A220 /* LaunchScreen.storyboard */ = {
			isa = PBXVariantGroup;
			children = (
				5773B516271CC0370029A220 /* Base */,
			);
			name = LaunchScreen.storyboard;
			sourceTree = "<group>";
		};
/* End PBXVariantGroup section */

/* Begin XCBuildConfiguration section */
		5773B519271CC0370029A220 /* Debug */ = {
			isa = XCBuildConfiguration;
			buildSettings = {
				ALWAYS_SEARCH_USER_PATHS = NO;
				CLANG_ANALYZER_NONNULL = YES;
				CLANG_ANALYZER_NUMBER_OBJECT_CONVERSION = YES_AGGRESSIVE;
				CLANG_CXX_LANGUAGE_STANDARD = "gnu++14";
				CLANG_CXX_LIBRARY = "libc++";
				CLANG_ENABLE_MODULES = YES;
				CLANG_ENABLE_OBJC_ARC = YES;
				CLANG_ENABLE_OBJC_WEAK = YES;
				CLANG_WARN_BLOCK_CAPTURE_AUTORELEASING = YES;
				CLANG_WARN_BOOL_CONVERSION = YES;
				CLANG_WARN_COMMA = YES;
				CLANG_WARN_CONSTANT_CONVERSION = YES;
				CLANG_WARN_DEPRECATED_OBJC_IMPLEMENTATIONS = YES;
				CLANG_WARN_DIRECT_OBJC_ISA_USAGE = YES_ERROR;
				CLANG_WARN_DOCUMENTATION_COMMENTS = YES;
				CLANG_WARN_EMPTY_BODY = YES;
				CLANG_WARN_ENUM_CONVERSION = YES;
				CLANG_WARN_INFINITE_RECURSION = YES;
				CLANG_WARN_INT_CONVERSION = YES;
				CLANG_WARN_NON_LITERAL_NULL_CONVERSION = YES;
				CLANG_WARN_OBJC_IMPLICIT_RETAIN_SELF = YES;
				CLANG_WARN_OBJC_LITERAL_CONVERSION = YES;
				CLANG_WARN_OBJC_ROOT_CLASS = YES_ERROR;
				CLANG_WARN_QUOTED_INCLUDE_IN_FRAMEWORK_HEADER = YES;
				CLANG_WARN_RANGE_LOOP_ANALYSIS = YES;
				CLANG_WARN_STRICT_PROTOTYPES = YES;
				CLANG_WARN_SUSPICIOUS_MOVE = YES;
				CLANG_WARN_UNGUARDED_AVAILABILITY = YES_AGGRESSIVE;
				CLANG_WARN_UNREACHABLE_CODE = YES;
				CLANG_WARN__DUPLICATE_METHOD_MATCH = YES;
				COPY_PHASE_STRIP = NO;
				DEBUG_INFORMATION_FORMAT = dwarf;
				ENABLE_STRICT_OBJC_MSGSEND = YES;
				ENABLE_TESTABILITY = YES;
				EXCLUDED_ARCHS = arm64;
				GCC_C_LANGUAGE_STANDARD = gnu11;
				GCC_DYNAMIC_NO_PIC = NO;
				GCC_NO_COMMON_BLOCKS = YES;
				GCC_OPTIMIZATION_LEVEL = 0;
				GCC_PREPROCESSOR_DEFINITIONS = (
					"DEBUG=1",
					"$(inherited)",
				);
				GCC_WARN_64_TO_32_BIT_CONVERSION = YES;
				GCC_WARN_ABOUT_RETURN_TYPE = YES_ERROR;
				GCC_WARN_UNDECLARED_SELECTOR = YES;
				GCC_WARN_UNINITIALIZED_AUTOS = YES_AGGRESSIVE;
				GCC_WARN_UNUSED_FUNCTION = YES;
				GCC_WARN_UNUSED_VARIABLE = YES;
				IPHONEOS_DEPLOYMENT_TARGET = 14.5;
				MTL_ENABLE_DEBUG_INFO = INCLUDE_SOURCE;
				MTL_FAST_MATH = YES;
				ONLY_ACTIVE_ARCH = YES;
				SDKROOT = iphoneos;
				SWIFT_ACTIVE_COMPILATION_CONDITIONS = DEBUG;
				SWIFT_OPTIMIZATION_LEVEL = "-Onone";
			};
			name = Debug;
		};
		5773B51A271CC0370029A220 /* Release */ = {
			isa = XCBuildConfiguration;
			buildSettings = {
				ALWAYS_SEARCH_USER_PATHS = NO;
				CLANG_ANALYZER_NONNULL = YES;
				CLANG_ANALYZER_NUMBER_OBJECT_CONVERSION = YES_AGGRESSIVE;
				CLANG_CXX_LANGUAGE_STANDARD = "gnu++14";
				CLANG_CXX_LIBRARY = "libc++";
				CLANG_ENABLE_MODULES = YES;
				CLANG_ENABLE_OBJC_ARC = YES;
				CLANG_ENABLE_OBJC_WEAK = YES;
				CLANG_WARN_BLOCK_CAPTURE_AUTORELEASING = YES;
				CLANG_WARN_BOOL_CONVERSION = YES;
				CLANG_WARN_COMMA = YES;
				CLANG_WARN_CONSTANT_CONVERSION = YES;
				CLANG_WARN_DEPRECATED_OBJC_IMPLEMENTATIONS = YES;
				CLANG_WARN_DIRECT_OBJC_ISA_USAGE = YES_ERROR;
				CLANG_WARN_DOCUMENTATION_COMMENTS = YES;
				CLANG_WARN_EMPTY_BODY = YES;
				CLANG_WARN_ENUM_CONVERSION = YES;
				CLANG_WARN_INFINITE_RECURSION = YES;
				CLANG_WARN_INT_CONVERSION = YES;
				CLANG_WARN_NON_LITERAL_NULL_CONVERSION = YES;
				CLANG_WARN_OBJC_IMPLICIT_RETAIN_SELF = YES;
				CLANG_WARN_OBJC_LITERAL_CONVERSION = YES;
				CLANG_WARN_OBJC_ROOT_CLASS = YES_ERROR;
				CLANG_WARN_QUOTED_INCLUDE_IN_FRAMEWORK_HEADER = YES;
				CLANG_WARN_RANGE_LOOP_ANALYSIS = YES;
				CLANG_WARN_STRICT_PROTOTYPES = YES;
				CLANG_WARN_SUSPICIOUS_MOVE = YES;
				CLANG_WARN_UNGUARDED_AVAILABILITY = YES_AGGRESSIVE;
				CLANG_WARN_UNREACHABLE_CODE = YES;
				CLANG_WARN__DUPLICATE_METHOD_MATCH = YES;
				COPY_PHASE_STRIP = NO;
				DEBUG_INFORMATION_FORMAT = "dwarf-with-dsym";
				ENABLE_NS_ASSERTIONS = NO;
				ENABLE_STRICT_OBJC_MSGSEND = YES;
				EXCLUDED_ARCHS = arm64;
				GCC_C_LANGUAGE_STANDARD = gnu11;
				GCC_NO_COMMON_BLOCKS = YES;
				GCC_WARN_64_TO_32_BIT_CONVERSION = YES;
				GCC_WARN_ABOUT_RETURN_TYPE = YES_ERROR;
				GCC_WARN_UNDECLARED_SELECTOR = YES;
				GCC_WARN_UNINITIALIZED_AUTOS = YES_AGGRESSIVE;
				GCC_WARN_UNUSED_FUNCTION = YES;
				GCC_WARN_UNUSED_VARIABLE = YES;
				IPHONEOS_DEPLOYMENT_TARGET = 14.5;
				MTL_ENABLE_DEBUG_INFO = NO;
				MTL_FAST_MATH = YES;
				SDKROOT = iphoneos;
				SWIFT_COMPILATION_MODE = wholemodule;
				SWIFT_OPTIMIZATION_LEVEL = "-O";
				VALIDATE_PRODUCT = YES;
			};
			name = Release;
		};
		5773B51C271CC0370029A220 /* Debug */ = {
			isa = XCBuildConfiguration;
			baseConfigurationReference = F3797C70DBDFB3D9A8D814F6 /* Pods-GoGoal.debug.xcconfig */;
			buildSettings = {
				ASSETCATALOG_COMPILER_APPICON_NAME = AppIcon;
				ASSETCATALOG_COMPILER_GLOBAL_ACCENT_COLOR_NAME = AccentColor;
				CODE_SIGN_STYLE = Automatic;
				DEVELOPMENT_ASSET_PATHS = "\"GoGoal/Preview Content\"";
				DEVELOPMENT_TEAM = J54BFXFVS9;
				ENABLE_PREVIEWS = YES;
				INFOPLIST_FILE = GoGoal/Info.plist;
				LD_RUNPATH_SEARCH_PATHS = (
					"$(inherited)",
					"@executable_path/Frameworks",
				);
				PRODUCT_BUNDLE_IDENTIFIER = cmu.mobile.team17.GoGoal;
				PRODUCT_NAME = "$(TARGET_NAME)";
				SWIFT_VERSION = 5.0;
				TARGETED_DEVICE_FAMILY = "1,2";
			};
			name = Debug;
		};
		5773B51D271CC0370029A220 /* Release */ = {
			isa = XCBuildConfiguration;
			baseConfigurationReference = 0EA69621C149F45D0491840F /* Pods-GoGoal.release.xcconfig */;
			buildSettings = {
				ASSETCATALOG_COMPILER_APPICON_NAME = AppIcon;
				ASSETCATALOG_COMPILER_GLOBAL_ACCENT_COLOR_NAME = AccentColor;
				CODE_SIGN_STYLE = Automatic;
				DEVELOPMENT_ASSET_PATHS = "\"GoGoal/Preview Content\"";
				DEVELOPMENT_TEAM = J54BFXFVS9;
				ENABLE_PREVIEWS = YES;
				INFOPLIST_FILE = GoGoal/Info.plist;
				LD_RUNPATH_SEARCH_PATHS = (
					"$(inherited)",
					"@executable_path/Frameworks",
				);
				PRODUCT_BUNDLE_IDENTIFIER = cmu.mobile.team17.GoGoal;
				PRODUCT_NAME = "$(TARGET_NAME)";
				SWIFT_VERSION = 5.0;
				TARGETED_DEVICE_FAMILY = "1,2";
			};
			name = Release;
		};
/* End XCBuildConfiguration section */

/* Begin XCConfigurationList section */
		5773B502271CC0360029A220 /* Build configuration list for PBXProject "GoGoal" */ = {
			isa = XCConfigurationList;
			buildConfigurations = (
				5773B519271CC0370029A220 /* Debug */,
				5773B51A271CC0370029A220 /* Release */,
			);
			defaultConfigurationIsVisible = 0;
			defaultConfigurationName = Release;
		};
		5773B51B271CC0370029A220 /* Build configuration list for PBXNativeTarget "GoGoal" */ = {
			isa = XCConfigurationList;
			buildConfigurations = (
				5773B51C271CC0370029A220 /* Debug */,
				5773B51D271CC0370029A220 /* Release */,
			);
			defaultConfigurationIsVisible = 0;
			defaultConfigurationName = Release;
		};
/* End XCConfigurationList section */
	};
	rootObject = 5773B4FF271CC0360029A220 /* Project object */;
}
